// !$*UTF8*$!
{
	archiveVersion = 1;
	classes = {
	};
	objectVersion = 56;
	objects = {

/* Begin PBXBuildFile section */
		DD3831FA29C1526100609945 /* SwiftToolsDemoApp.swift in Sources */ = {isa = PBXBuildFile; fileRef = DD3831F929C1526100609945 /* SwiftToolsDemoApp.swift */; };
		DD3831FC29C1526100609945 /* ContentView.swift in Sources */ = {isa = PBXBuildFile; fileRef = DD3831FB29C1526100609945 /* ContentView.swift */; };
		DD3831FE29C1526200609945 /* Assets.xcassets in Resources */ = {isa = PBXBuildFile; fileRef = DD3831FD29C1526200609945 /* Assets.xcassets */; };
		DD38320129C1526200609945 /* Preview Assets.xcassets in Resources */ = {isa = PBXBuildFile; fileRef = DD38320029C1526200609945 /* Preview Assets.xcassets */; };
		DD38320B29C1526200609945 /* SwiftToolsDemoTests.swift in Sources */ = {isa = PBXBuildFile; fileRef = DD38320A29C1526200609945 /* SwiftToolsDemoTests.swift */; };
		DD38321529C1526200609945 /* SwiftToolsDemoUITests.swift in Sources */ = {isa = PBXBuildFile; fileRef = DD38321429C1526200609945 /* SwiftToolsDemoUITests.swift */; };
		DD38321729C1526200609945 /* SwiftToolsDemoUITestsLaunchTests.swift in Sources */ = {isa = PBXBuildFile; fileRef = DD38321629C1526200609945 /* SwiftToolsDemoUITestsLaunchTests.swift */; };
		DD3832E829C1570C00609945 /* swiftlint.yml in Resources */ = {isa = PBXBuildFile; fileRef = DD3832E629C1570C00609945 /* swiftlint.yml */; };
		DD3832E929C1570C00609945 /* swiftgen.yml in Resources */ = {isa = PBXBuildFile; fileRef = DD3832E729C1570C00609945 /* swiftgen.yml */; };
		DD3832EC29C1571300609945 /* .swiftformat in Resources */ = {isa = PBXBuildFile; fileRef = DD3832EA29C1571300609945 /* .swiftformat */; };
		DD3832ED29C1571300609945 /* .swift-version in Resources */ = {isa = PBXBuildFile; fileRef = DD3832EB29C1571300609945 /* .swift-version */; };
		DD3832EF29C1571A00609945 /* .gitignore in Resources */ = {isa = PBXBuildFile; fileRef = DD3832EE29C1571A00609945 /* .gitignore */; };
		DD4AE2C429C158BA001CFB08 /* README.md in Resources */ = {isa = PBXBuildFile; fileRef = DD4AE2C329C158BA001CFB08 /* README.md */; };
/* End PBXBuildFile section */

/* Begin PBXContainerItemProxy section */
		DD38320729C1526200609945 /* PBXContainerItemProxy */ = {
			isa = PBXContainerItemProxy;
			containerPortal = DD3831EE29C1526100609945 /* Project object */;
			proxyType = 1;
			remoteGlobalIDString = DD3831F529C1526100609945;
			remoteInfo = SwiftToolsDemo;
		};
		DD38321129C1526200609945 /* PBXContainerItemProxy */ = {
			isa = PBXContainerItemProxy;
			containerPortal = DD3831EE29C1526100609945 /* Project object */;
			proxyType = 1;
			remoteGlobalIDString = DD3831F529C1526100609945;
			remoteInfo = SwiftToolsDemo;
		};
/* End PBXContainerItemProxy section */

/* Begin PBXCopyFilesBuildPhase section */
		DD38327929C1540000609945 /* Embed Frameworks */ = {
			isa = PBXCopyFilesBuildPhase;
			buildActionMask = 2147483647;
			dstPath = "";
			dstSubfolderSpec = 10;
			files = (
			);
			name = "Embed Frameworks";
			runOnlyForDeploymentPostprocessing = 0;
		};
/* End PBXCopyFilesBuildPhase section */

/* Begin PBXFileReference section */
		DD3831F629C1526100609945 /* SwiftToolsDemo.app */ = {isa = PBXFileReference; explicitFileType = wrapper.application; includeInIndex = 0; path = SwiftToolsDemo.app; sourceTree = BUILT_PRODUCTS_DIR; };
		DD3831F929C1526100609945 /* SwiftToolsDemoApp.swift */ = {isa = PBXFileReference; lastKnownFileType = sourcecode.swift; path = SwiftToolsDemoApp.swift; sourceTree = "<group>"; };
		DD3831FB29C1526100609945 /* ContentView.swift */ = {isa = PBXFileReference; lastKnownFileType = sourcecode.swift; path = ContentView.swift; sourceTree = "<group>"; };
		DD3831FD29C1526200609945 /* Assets.xcassets */ = {isa = PBXFileReference; lastKnownFileType = folder.assetcatalog; path = Assets.xcassets; sourceTree = "<group>"; };
		DD38320029C1526200609945 /* Preview Assets.xcassets */ = {isa = PBXFileReference; lastKnownFileType = folder.assetcatalog; path = "Preview Assets.xcassets"; sourceTree = "<group>"; };
		DD38320629C1526200609945 /* SwiftToolsDemoTests.xctest */ = {isa = PBXFileReference; explicitFileType = wrapper.cfbundle; includeInIndex = 0; path = SwiftToolsDemoTests.xctest; sourceTree = BUILT_PRODUCTS_DIR; };
		DD38320A29C1526200609945 /* SwiftToolsDemoTests.swift */ = {isa = PBXFileReference; lastKnownFileType = sourcecode.swift; path = SwiftToolsDemoTests.swift; sourceTree = "<group>"; };
		DD38321029C1526200609945 /* SwiftToolsDemoUITests.xctest */ = {isa = PBXFileReference; explicitFileType = wrapper.cfbundle; includeInIndex = 0; path = SwiftToolsDemoUITests.xctest; sourceTree = BUILT_PRODUCTS_DIR; };
		DD38321429C1526200609945 /* SwiftToolsDemoUITests.swift */ = {isa = PBXFileReference; lastKnownFileType = sourcecode.swift; path = SwiftToolsDemoUITests.swift; sourceTree = "<group>"; };
		DD38321629C1526200609945 /* SwiftToolsDemoUITestsLaunchTests.swift */ = {isa = PBXFileReference; lastKnownFileType = sourcecode.swift; path = SwiftToolsDemoUITestsLaunchTests.swift; sourceTree = "<group>"; };
		DD3832E629C1570C00609945 /* swiftlint.yml */ = {isa = PBXFileReference; fileEncoding = 4; lastKnownFileType = text.yaml; path = swiftlint.yml; sourceTree = "<group>"; };
		DD3832E729C1570C00609945 /* swiftgen.yml */ = {isa = PBXFileReference; fileEncoding = 4; lastKnownFileType = text.yaml; path = swiftgen.yml; sourceTree = "<group>"; };
		DD3832EA29C1571300609945 /* .swiftformat */ = {isa = PBXFileReference; fileEncoding = 4; lastKnownFileType = text; path = .swiftformat; sourceTree = "<group>"; };
		DD3832EB29C1571300609945 /* .swift-version */ = {isa = PBXFileReference; fileEncoding = 4; lastKnownFileType = text; path = ".swift-version"; sourceTree = "<group>"; };
		DD3832EE29C1571A00609945 /* .gitignore */ = {isa = PBXFileReference; fileEncoding = 4; lastKnownFileType = text; path = .gitignore; sourceTree = "<group>"; };
		DD4AE2C329C158BA001CFB08 /* README.md */ = {isa = PBXFileReference; fileEncoding = 4; lastKnownFileType = net.daringfireball.markdown; path = README.md; sourceTree = "<group>"; };
/* End PBXFileReference section */

/* Begin PBXFrameworksBuildPhase section */
		DD3831F329C1526100609945 /* Frameworks */ = {
			isa = PBXFrameworksBuildPhase;
			buildActionMask = 2147483647;
			files = (
			);
			runOnlyForDeploymentPostprocessing = 0;
		};
		DD38320329C1526200609945 /* Frameworks */ = {
			isa = PBXFrameworksBuildPhase;
			buildActionMask = 2147483647;
			files = (
			);
			runOnlyForDeploymentPostprocessing = 0;
		};
		DD38320D29C1526200609945 /* Frameworks */ = {
			isa = PBXFrameworksBuildPhase;
			buildActionMask = 2147483647;
			files = (
			);
			runOnlyForDeploymentPostprocessing = 0;
		};
/* End PBXFrameworksBuildPhase section */

/* Begin PBXGroup section */
		DD3831ED29C1526100609945 = {
			isa = PBXGroup;
			children = (
				DD4AE2C329C158BA001CFB08 /* README.md */,
				DD3831F829C1526100609945 /* SwiftToolsDemo */,
				DD38320929C1526200609945 /* SwiftToolsDemoTests */,
				DD38321329C1526200609945 /* SwiftToolsDemoUITests */,
				DD3832F029C1572000609945 /* config */,
				DD3831F729C1526100609945 /* Products */,
			);
			sourceTree = "<group>";
		};
		DD3831F729C1526100609945 /* Products */ = {
			isa = PBXGroup;
			children = (
				DD3831F629C1526100609945 /* SwiftToolsDemo.app */,
				DD38320629C1526200609945 /* SwiftToolsDemoTests.xctest */,
				DD38321029C1526200609945 /* SwiftToolsDemoUITests.xctest */,
			);
			name = Products;
			sourceTree = "<group>";
		};
		DD3831F829C1526100609945 /* SwiftToolsDemo */ = {
			isa = PBXGroup;
			children = (
				DD3831F929C1526100609945 /* SwiftToolsDemoApp.swift */,
				DD3831FB29C1526100609945 /* ContentView.swift */,
				DD3831FD29C1526200609945 /* Assets.xcassets */,
				DD3831FF29C1526200609945 /* Preview Content */,
			);
			path = SwiftToolsDemo;
			sourceTree = "<group>";
		};
		DD3831FF29C1526200609945 /* Preview Content */ = {
			isa = PBXGroup;
			children = (
				DD38320029C1526200609945 /* Preview Assets.xcassets */,
			);
			path = "Preview Content";
			sourceTree = "<group>";
		};
		DD38320929C1526200609945 /* SwiftToolsDemoTests */ = {
			isa = PBXGroup;
			children = (
				DD38320A29C1526200609945 /* SwiftToolsDemoTests.swift */,
			);
			path = SwiftToolsDemoTests;
			sourceTree = "<group>";
		};
		DD38321329C1526200609945 /* SwiftToolsDemoUITests */ = {
			isa = PBXGroup;
			children = (
				DD38321429C1526200609945 /* SwiftToolsDemoUITests.swift */,
				DD38321629C1526200609945 /* SwiftToolsDemoUITestsLaunchTests.swift */,
			);
			path = SwiftToolsDemoUITests;
			sourceTree = "<group>";
		};
		DD3832F029C1572000609945 /* config */ = {
			isa = PBXGroup;
			children = (
				DD3832EE29C1571A00609945 /* .gitignore */,
				DD3832EB29C1571300609945 /* .swift-version */,
				DD3832EA29C1571300609945 /* .swiftformat */,
				DD3832E729C1570C00609945 /* swiftgen.yml */,
				DD3832E629C1570C00609945 /* swiftlint.yml */,
			);
			path = config;
			sourceTree = "<group>";
		};
/* End PBXGroup section */

/* Begin PBXNativeTarget section */
		DD3831F529C1526100609945 /* SwiftToolsDemo */ = {
			isa = PBXNativeTarget;
			buildConfigurationList = DD38321A29C1526200609945 /* Build configuration list for PBXNativeTarget "SwiftToolsDemo" */;
			buildPhases = (
				DD3831F229C1526100609945 /* Sources */,
				DD3831F329C1526100609945 /* Frameworks */,
				DD3831F429C1526100609945 /* Resources */,
				DD38327929C1540000609945 /* Embed Frameworks */,
			);
			buildRules = (
			);
			dependencies = (
			);
			name = SwiftToolsDemo;
			productName = SwiftToolsDemo;
			productReference = DD3831F629C1526100609945 /* SwiftToolsDemo.app */;
			productType = "com.apple.product-type.application";
		};
		DD38320529C1526200609945 /* SwiftToolsDemoTests */ = {
			isa = PBXNativeTarget;
			buildConfigurationList = DD38321D29C1526200609945 /* Build configuration list for PBXNativeTarget "SwiftToolsDemoTests" */;
			buildPhases = (
				DD38320229C1526200609945 /* Sources */,
				DD38320329C1526200609945 /* Frameworks */,
				DD38320429C1526200609945 /* Resources */,
			);
			buildRules = (
			);
			dependencies = (
				DD38320829C1526200609945 /* PBXTargetDependency */,
			);
			name = SwiftToolsDemoTests;
			productName = SwiftToolsDemoTests;
			productReference = DD38320629C1526200609945 /* SwiftToolsDemoTests.xctest */;
			productType = "com.apple.product-type.bundle.unit-test";
		};
		DD38320F29C1526200609945 /* SwiftToolsDemoUITests */ = {
			isa = PBXNativeTarget;
			buildConfigurationList = DD38322029C1526200609945 /* Build configuration list for PBXNativeTarget "SwiftToolsDemoUITests" */;
			buildPhases = (
				DD38320C29C1526200609945 /* Sources */,
				DD38320D29C1526200609945 /* Frameworks */,
				DD38320E29C1526200609945 /* Resources */,
			);
			buildRules = (
			);
			dependencies = (
				DD38321229C1526200609945 /* PBXTargetDependency */,
			);
			name = SwiftToolsDemoUITests;
			productName = SwiftToolsDemoUITests;
			productReference = DD38321029C1526200609945 /* SwiftToolsDemoUITests.xctest */;
			productType = "com.apple.product-type.bundle.ui-testing";
		};
/* End PBXNativeTarget section */

/* Begin PBXProject section */
		DD3831EE29C1526100609945 /* Project object */ = {
			isa = PBXProject;
			attributes = {
				BuildIndependentTargetsInParallel = 1;
				LastSwiftUpdateCheck = 1420;
				LastUpgradeCheck = 1420;
				TargetAttributes = {
					DD3831F529C1526100609945 = {
						CreatedOnToolsVersion = 14.2;
					};
					DD38320529C1526200609945 = {
						CreatedOnToolsVersion = 14.2;
						TestTargetID = DD3831F529C1526100609945;
					};
					DD38320F29C1526200609945 = {
						CreatedOnToolsVersion = 14.2;
						TestTargetID = DD3831F529C1526100609945;
					};
				};
			};
			buildConfigurationList = DD3831F129C1526100609945 /* Build configuration list for PBXProject "SwiftToolsDemo" */;
			compatibilityVersion = "Xcode 14.0";
			developmentRegion = en;
			hasScannedForEncodings = 0;
			knownRegions = (
				en,
				Base,
			);
			mainGroup = DD3831ED29C1526100609945;
			packageReferences = (
				DD3832F129C1576600609945 /* XCRemoteSwiftPackageReference "SwiftTools" */,
			);
			productRefGroup = DD3831F729C1526100609945 /* Products */;
			projectDirPath = "";
			projectRoot = "";
			targets = (
				DD3831F529C1526100609945 /* SwiftToolsDemo */,
				DD38320529C1526200609945 /* SwiftToolsDemoTests */,
				DD38320F29C1526200609945 /* SwiftToolsDemoUITests */,
			);
		};
/* End PBXProject section */

/* Begin PBXResourcesBuildPhase section */
		DD3831F429C1526100609945 /* Resources */ = {
			isa = PBXResourcesBuildPhase;
			buildActionMask = 2147483647;
			files = (
				DD3832EC29C1571300609945 /* .swiftformat in Resources */,
				DD3832EF29C1571A00609945 /* .gitignore in Resources */,
				DD38320129C1526200609945 /* Preview Assets.xcassets in Resources */,
				DD3832E829C1570C00609945 /* swiftlint.yml in Resources */,
				DD3831FE29C1526200609945 /* Assets.xcassets in Resources */,
				DD3832ED29C1571300609945 /* .swift-version in Resources */,
				DD4AE2C429C158BA001CFB08 /* README.md in Resources */,
				DD3832E929C1570C00609945 /* swiftgen.yml in Resources */,
			);
			runOnlyForDeploymentPostprocessing = 0;
		};
		DD38320429C1526200609945 /* Resources */ = {
			isa = PBXResourcesBuildPhase;
			buildActionMask = 2147483647;
			files = (
			);
			runOnlyForDeploymentPostprocessing = 0;
		};
		DD38320E29C1526200609945 /* Resources */ = {
			isa = PBXResourcesBuildPhase;
			buildActionMask = 2147483647;
			files = (
			);
			runOnlyForDeploymentPostprocessing = 0;
		};
/* End PBXResourcesBuildPhase section */

/* Begin PBXSourcesBuildPhase section */
		DD3831F229C1526100609945 /* Sources */ = {
			isa = PBXSourcesBuildPhase;
			buildActionMask = 2147483647;
			files = (
				DD3831FC29C1526100609945 /* ContentView.swift in Sources */,
				DD3831FA29C1526100609945 /* SwiftToolsDemoApp.swift in Sources */,
			);
			runOnlyForDeploymentPostprocessing = 0;
		};
		DD38320229C1526200609945 /* Sources */ = {
			isa = PBXSourcesBuildPhase;
			buildActionMask = 2147483647;
			files = (
				DD38320B29C1526200609945 /* SwiftToolsDemoTests.swift in Sources */,
			);
			runOnlyForDeploymentPostprocessing = 0;
		};
		DD38320C29C1526200609945 /* Sources */ = {
			isa = PBXSourcesBuildPhase;
			buildActionMask = 2147483647;
			files = (
				DD38321529C1526200609945 /* SwiftToolsDemoUITests.swift in Sources */,
				DD38321729C1526200609945 /* SwiftToolsDemoUITestsLaunchTests.swift in Sources */,
			);
			runOnlyForDeploymentPostprocessing = 0;
		};
/* End PBXSourcesBuildPhase section */

/* Begin PBXTargetDependency section */
		DD38320829C1526200609945 /* PBXTargetDependency */ = {
			isa = PBXTargetDependency;
			target = DD3831F529C1526100609945 /* SwiftToolsDemo */;
			targetProxy = DD38320729C1526200609945 /* PBXContainerItemProxy */;
		};
		DD38321229C1526200609945 /* PBXTargetDependency */ = {
			isa = PBXTargetDependency;
			target = DD3831F529C1526100609945 /* SwiftToolsDemo */;
			targetProxy = DD38321129C1526200609945 /* PBXContainerItemProxy */;
		};
/* End PBXTargetDependency section */

/* Begin XCBuildConfiguration section */
		DD38321829C1526200609945 /* Debug */ = {
			isa = XCBuildConfiguration;
			buildSettings = {
				ALWAYS_SEARCH_USER_PATHS = NO;
				CLANG_ANALYZER_NONNULL = YES;
				CLANG_ANALYZER_NUMBER_OBJECT_CONVERSION = YES_AGGRESSIVE;
				CLANG_CXX_LANGUAGE_STANDARD = "gnu++20";
				CLANG_ENABLE_MODULES = YES;
				CLANG_ENABLE_OBJC_ARC = YES;
				CLANG_ENABLE_OBJC_WEAK = YES;
				CLANG_WARN_BLOCK_CAPTURE_AUTORELEASING = YES;
				CLANG_WARN_BOOL_CONVERSION = YES;
				CLANG_WARN_COMMA = YES;
				CLANG_WARN_CONSTANT_CONVERSION = YES;
				CLANG_WARN_DEPRECATED_OBJC_IMPLEMENTATIONS = YES;
				CLANG_WARN_DIRECT_OBJC_ISA_USAGE = YES_ERROR;
				CLANG_WARN_DOCUMENTATION_COMMENTS = YES;
				CLANG_WARN_EMPTY_BODY = YES;
				CLANG_WARN_ENUM_CONVERSION = YES;
				CLANG_WARN_INFINITE_RECURSION = YES;
				CLANG_WARN_INT_CONVERSION = YES;
				CLANG_WARN_NON_LITERAL_NULL_CONVERSION = YES;
				CLANG_WARN_OBJC_IMPLICIT_RETAIN_SELF = YES;
				CLANG_WARN_OBJC_LITERAL_CONVERSION = YES;
				CLANG_WARN_OBJC_ROOT_CLASS = YES_ERROR;
				CLANG_WARN_QUOTED_INCLUDE_IN_FRAMEWORK_HEADER = YES;
				CLANG_WARN_RANGE_LOOP_ANALYSIS = YES;
				CLANG_WARN_STRICT_PROTOTYPES = YES;
				CLANG_WARN_SUSPICIOUS_MOVE = YES;
				CLANG_WARN_UNGUARDED_AVAILABILITY = YES_AGGRESSIVE;
				CLANG_WARN_UNREACHABLE_CODE = YES;
				CLANG_WARN__DUPLICATE_METHOD_MATCH = YES;
				COPY_PHASE_STRIP = NO;
				DEBUG_INFORMATION_FORMAT = dwarf;
				ENABLE_STRICT_OBJC_MSGSEND = YES;
				ENABLE_TESTABILITY = YES;
				GCC_C_LANGUAGE_STANDARD = gnu11;
				GCC_DYNAMIC_NO_PIC = NO;
				GCC_NO_COMMON_BLOCKS = YES;
				GCC_OPTIMIZATION_LEVEL = 0;
				GCC_PREPROCESSOR_DEFINITIONS = (
					"DEBUG=1",
					"$(inherited)",
				);
				GCC_WARN_64_TO_32_BIT_CONVERSION = YES;
				GCC_WARN_ABOUT_RETURN_TYPE = YES_ERROR;
				GCC_WARN_UNDECLARED_SELECTOR = YES;
				GCC_WARN_UNINITIALIZED_AUTOS = YES_AGGRESSIVE;
				GCC_WARN_UNUSED_FUNCTION = YES;
				GCC_WARN_UNUSED_VARIABLE = YES;
				IPHONEOS_DEPLOYMENT_TARGET = 16.2;
				MTL_ENABLE_DEBUG_INFO = INCLUDE_SOURCE;
				MTL_FAST_MATH = YES;
				ONLY_ACTIVE_ARCH = YES;
				SDKROOT = iphoneos;
				SWIFT_ACTIVE_COMPILATION_CONDITIONS = DEBUG;
				SWIFT_OPTIMIZATION_LEVEL = "-Onone";
			};
			name = Debug;
		};
		DD38321929C1526200609945 /* Release */ = {
			isa = XCBuildConfiguration;
			buildSettings = {
				ALWAYS_SEARCH_USER_PATHS = NO;
				CLANG_ANALYZER_NONNULL = YES;
				CLANG_ANALYZER_NUMBER_OBJECT_CONVERSION = YES_AGGRESSIVE;
				CLANG_CXX_LANGUAGE_STANDARD = "gnu++20";
				CLANG_ENABLE_MODULES = YES;
				CLANG_ENABLE_OBJC_ARC = YES;
				CLANG_ENABLE_OBJC_WEAK = YES;
				CLANG_WARN_BLOCK_CAPTURE_AUTORELEASING = YES;
				CLANG_WARN_BOOL_CONVERSION = YES;
				CLANG_WARN_COMMA = YES;
				CLANG_WARN_CONSTANT_CONVERSION = YES;
				CLANG_WARN_DEPRECATED_OBJC_IMPLEMENTATIONS = YES;
				CLANG_WARN_DIRECT_OBJC_ISA_USAGE = YES_ERROR;
				CLANG_WARN_DOCUMENTATION_COMMENTS = YES;
				CLANG_WARN_EMPTY_BODY = YES;
				CLANG_WARN_ENUM_CONVERSION = YES;
				CLANG_WARN_INFINITE_RECURSION = YES;
				CLANG_WARN_INT_CONVERSION = YES;
				CLANG_WARN_NON_LITERAL_NULL_CONVERSION = YES;
				CLANG_WARN_OBJC_IMPLICIT_RETAIN_SELF = YES;
				CLANG_WARN_OBJC_LITERAL_CONVERSION = YES;
				CLANG_WARN_OBJC_ROOT_CLASS = YES_ERROR;
				CLANG_WARN_QUOTED_INCLUDE_IN_FRAMEWORK_HEADER = YES;
				CLANG_WARN_RANGE_LOOP_ANALYSIS = YES;
				CLANG_WARN_STRICT_PROTOTYPES = YES;
				CLANG_WARN_SUSPICIOUS_MOVE = YES;
				CLANG_WARN_UNGUARDED_AVAILABILITY = YES_AGGRESSIVE;
				CLANG_WARN_UNREACHABLE_CODE = YES;
				CLANG_WARN__DUPLICATE_METHOD_MATCH = YES;
				COPY_PHASE_STRIP = NO;
				DEBUG_INFORMATION_FORMAT = "dwarf-with-dsym";
				ENABLE_NS_ASSERTIONS = NO;
				ENABLE_STRICT_OBJC_MSGSEND = YES;
				GCC_C_LANGUAGE_STANDARD = gnu11;
				GCC_NO_COMMON_BLOCKS = YES;
				GCC_WARN_64_TO_32_BIT_CONVERSION = YES;
				GCC_WARN_ABOUT_RETURN_TYPE = YES_ERROR;
				GCC_WARN_UNDECLARED_SELECTOR = YES;
				GCC_WARN_UNINITIALIZED_AUTOS = YES_AGGRESSIVE;
				GCC_WARN_UNUSED_FUNCTION = YES;
				GCC_WARN_UNUSED_VARIABLE = YES;
				IPHONEOS_DEPLOYMENT_TARGET = 16.2;
				MTL_ENABLE_DEBUG_INFO = NO;
				MTL_FAST_MATH = YES;
				SDKROOT = iphoneos;
				SWIFT_COMPILATION_MODE = wholemodule;
				SWIFT_OPTIMIZATION_LEVEL = "-O";
				VALIDATE_PRODUCT = YES;
			};
			name = Release;
		};
		DD38321B29C1526200609945 /* Debug */ = {
			isa = XCBuildConfiguration;
			buildSettings = {
				ASSETCATALOG_COMPILER_APPICON_NAME = AppIcon;
				ASSETCATALOG_COMPILER_GLOBAL_ACCENT_COLOR_NAME = AccentColor;
				CODE_SIGN_STYLE = Automatic;
				CURRENT_PROJECT_VERSION = 1;
				DEVELOPMENT_ASSET_PATHS = "\"SwiftToolsDemo/Preview Content\"";
				DEVELOPMENT_TEAM = K8CQ9C2992;
				ENABLE_PREVIEWS = YES;
				GENERATE_INFOPLIST_FILE = YES;
				INFOPLIST_KEY_UIApplicationSceneManifest_Generation = YES;
				INFOPLIST_KEY_UIApplicationSupportsIndirectInputEvents = YES;
				INFOPLIST_KEY_UILaunchScreen_Generation = YES;
				INFOPLIST_KEY_UISupportedInterfaceOrientations_iPad = "UIInterfaceOrientationPortrait UIInterfaceOrientationPortraitUpsideDown UIInterfaceOrientationLandscapeLeft UIInterfaceOrientationLandscapeRight";
				INFOPLIST_KEY_UISupportedInterfaceOrientations_iPhone = "UIInterfaceOrientationPortrait UIInterfaceOrientationLandscapeLeft UIInterfaceOrientationLandscapeRight";
				LD_RUNPATH_SEARCH_PATHS = (
					"$(inherited)",
					"@executable_path/Frameworks",
				);
				MARKETING_VERSION = 1.0;
				PRODUCT_BUNDLE_IDENTIFIER = com.yeser.SwiftToolsDemo;
				PRODUCT_NAME = "$(TARGET_NAME)";
				SWIFT_EMIT_LOC_STRINGS = YES;
				SWIFT_VERSION = 5.0;
				TARGETED_DEVICE_FAMILY = "1,2";
			};
			name = Debug;
		};
		DD38321C29C1526200609945 /* Release */ = {
			isa = XCBuildConfiguration;
			buildSettings = {
				ASSETCATALOG_COMPILER_APPICON_NAME = AppIcon;
				ASSETCATALOG_COMPILER_GLOBAL_ACCENT_COLOR_NAME = AccentColor;
				CODE_SIGN_STYLE = Automatic;
				CURRENT_PROJECT_VERSION = 1;
				DEVELOPMENT_ASSET_PATHS = "\"SwiftToolsDemo/Preview Content\"";
				DEVELOPMENT_TEAM = K8CQ9C2992;
				ENABLE_PREVIEWS = YES;
				GENERATE_INFOPLIST_FILE = YES;
				INFOPLIST_KEY_UIApplicationSceneManifest_Generation = YES;
				INFOPLIST_KEY_UIApplicationSupportsIndirectInputEvents = YES;
				INFOPLIST_KEY_UILaunchScreen_Generation = YES;
				INFOPLIST_KEY_UISupportedInterfaceOrientations_iPad = "UIInterfaceOrientationPortrait UIInterfaceOrientationPortraitUpsideDown UIInterfaceOrientationLandscapeLeft UIInterfaceOrientationLandscapeRight";
				INFOPLIST_KEY_UISupportedInterfaceOrientations_iPhone = "UIInterfaceOrientationPortrait UIInterfaceOrientationLandscapeLeft UIInterfaceOrientationLandscapeRight";
				LD_RUNPATH_SEARCH_PATHS = (
					"$(inherited)",
					"@executable_path/Frameworks",
				);
				MARKETING_VERSION = 1.0;
				PRODUCT_BUNDLE_IDENTIFIER = com.yeser.SwiftToolsDemo;
				PRODUCT_NAME = "$(TARGET_NAME)";
				SWIFT_EMIT_LOC_STRINGS = YES;
				SWIFT_VERSION = 5.0;
				TARGETED_DEVICE_FAMILY = "1,2";
			};
			name = Release;
		};
		DD38321E29C1526200609945 /* Debug */ = {
			isa = XCBuildConfiguration;
			buildSettings = {
				ALWAYS_EMBED_SWIFT_STANDARD_LIBRARIES = YES;
				BUNDLE_LOADER = "$(TEST_HOST)";
				CODE_SIGN_STYLE = Automatic;
				CURRENT_PROJECT_VERSION = 1;
				DEVELOPMENT_TEAM = K8CQ9C2992;
				GENERATE_INFOPLIST_FILE = YES;
				IPHONEOS_DEPLOYMENT_TARGET = 16.2;
				MARKETING_VERSION = 1.0;
				PRODUCT_BUNDLE_IDENTIFIER = com.yeser.SwiftToolsDemoTests;
				PRODUCT_NAME = "$(TARGET_NAME)";
				SWIFT_EMIT_LOC_STRINGS = NO;
				SWIFT_VERSION = 5.0;
				TARGETED_DEVICE_FAMILY = "1,2";
				TEST_HOST = "$(BUILT_PRODUCTS_DIR)/SwiftToolsDemo.app/$(BUNDLE_EXECUTABLE_FOLDER_PATH)/SwiftToolsDemo";
			};
			name = Debug;
		};
		DD38321F29C1526200609945 /* Release */ = {
			isa = XCBuildConfiguration;
			buildSettings = {
				ALWAYS_EMBED_SWIFT_STANDARD_LIBRARIES = YES;
				BUNDLE_LOADER = "$(TEST_HOST)";
				CODE_SIGN_STYLE = Automatic;
				CURRENT_PROJECT_VERSION = 1;
				DEVELOPMENT_TEAM = K8CQ9C2992;
				GENERATE_INFOPLIST_FILE = YES;
				IPHONEOS_DEPLOYMENT_TARGET = 16.2;
				MARKETING_VERSION = 1.0;
				PRODUCT_BUNDLE_IDENTIFIER = com.yeser.SwiftToolsDemoTests;
				PRODUCT_NAME = "$(TARGET_NAME)";
				SWIFT_EMIT_LOC_STRINGS = NO;
				SWIFT_VERSION = 5.0;
				TARGETED_DEVICE_FAMILY = "1,2";
				TEST_HOST = "$(BUILT_PRODUCTS_DIR)/SwiftToolsDemo.app/$(BUNDLE_EXECUTABLE_FOLDER_PATH)/SwiftToolsDemo";
			};
			name = Release;
		};
		DD38322129C1526200609945 /* Debug */ = {
			isa = XCBuildConfiguration;
			buildSettings = {
				ALWAYS_EMBED_SWIFT_STANDARD_LIBRARIES = YES;
				CODE_SIGN_STYLE = Automatic;
				CURRENT_PROJECT_VERSION = 1;
				DEVELOPMENT_TEAM = K8CQ9C2992;
				GENERATE_INFOPLIST_FILE = YES;
				MARKETING_VERSION = 1.0;
				PRODUCT_BUNDLE_IDENTIFIER = com.yeser.SwiftToolsDemoUITests;
				PRODUCT_NAME = "$(TARGET_NAME)";
				SWIFT_EMIT_LOC_STRINGS = NO;
				SWIFT_VERSION = 5.0;
				TARGETED_DEVICE_FAMILY = "1,2";
				TEST_TARGET_NAME = SwiftToolsDemo;
			};
			name = Debug;
		};
		DD38322229C1526200609945 /* Release */ = {
			isa = XCBuildConfiguration;
			buildSettings = {
				ALWAYS_EMBED_SWIFT_STANDARD_LIBRARIES = YES;
				CODE_SIGN_STYLE = Automatic;
				CURRENT_PROJECT_VERSION = 1;
				DEVELOPMENT_TEAM = K8CQ9C2992;
				GENERATE_INFOPLIST_FILE = YES;
				MARKETING_VERSION = 1.0;
				PRODUCT_BUNDLE_IDENTIFIER = com.yeser.SwiftToolsDemoUITests;
				PRODUCT_NAME = "$(TARGET_NAME)";
				SWIFT_EMIT_LOC_STRINGS = NO;
				SWIFT_VERSION = 5.0;
				TARGETED_DEVICE_FAMILY = "1,2";
				TEST_TARGET_NAME = SwiftToolsDemo;
			};
			name = Release;
		};
/* End XCBuildConfiguration section */

/* Begin XCConfigurationList section */
		DD3831F129C1526100609945 /* Build configuration list for PBXProject "SwiftToolsDemo" */ = {
			isa = XCConfigurationList;
			buildConfigurations = (
				DD38321829C1526200609945 /* Debug */,
				DD38321929C1526200609945 /* Release */,
			);
			defaultConfigurationIsVisible = 0;
			defaultConfigurationName = Release;
		};
		DD38321A29C1526200609945 /* Build configuration list for PBXNativeTarget "SwiftToolsDemo" */ = {
			isa = XCConfigurationList;
			buildConfigurations = (
				DD38321B29C1526200609945 /* Debug */,
				DD38321C29C1526200609945 /* Release */,
			);
			defaultConfigurationIsVisible = 0;
			defaultConfigurationName = Release;
		};
		DD38321D29C1526200609945 /* Build configuration list for PBXNativeTarget "SwiftToolsDemoTests" */ = {
			isa = XCConfigurationList;
			buildConfigurations = (
				DD38321E29C1526200609945 /* Debug */,
				DD38321F29C1526200609945 /* Release */,
			);
			defaultConfigurationIsVisible = 0;
			defaultConfigurationName = Release;
		};
		DD38322029C1526200609945 /* Build configuration list for PBXNativeTarget "SwiftToolsDemoUITests" */ = {
			isa = XCConfigurationList;
			buildConfigurations = (
				DD38322129C1526200609945 /* Debug */,
				DD38322229C1526200609945 /* Release */,
			);
			defaultConfigurationIsVisible = 0;
			defaultConfigurationName = Release;
		};
/* End XCConfigurationList section */

/* Begin XCRemoteSwiftPackageReference section */
		DD3832F129C1576600609945 /* XCRemoteSwiftPackageReference "SwiftTools" */ = {
			isa = XCRemoteSwiftPackageReference;
			repositoryURL = "https://github.com/aliyasineser/SwiftTools";
			requirement = {
				branch = main;
				kind = branch;
			};
		};
/* End XCRemoteSwiftPackageReference section */
	};
	rootObject = DD3831EE29C1526100609945 /* Project object */;
}
