{
  "pins" : [
    {
      "identity" : "swifttools",
      "kind" : "remoteSourceControl",
      "location" : "https://github.com/aliyasineser/SwiftTools",
      "state" : {
        "branch" : "main",
        "revision" : "2e5a2a4a126a9c6e8b21da78276a0b52ff6b0b82"
      }
    }
  ],
  "version" : 2
}
