{
  "pins" : [
    {
      "identity" : "swifttools",
      "kind" : "remoteSourceControl",
      "location" : "https://github.com/aliyasineser/SwiftTools",
      "state" : {
        "branch" : "main",
        "revision" : "01239a9ed49b44f46e96816ef2eaa7eb0091c766"
      }
    }
  ],
  "version" : 2
}
